// !$*UTF8*$!
{
	archiveVersion = 1;
	classes = {
	};
	objectVersion = 46;
	objects = {

/* Begin PBXBuildFile section */
		DFCC5D091A02E4D00035571E /* AppDelegate.swift in Sources */ = {isa = PBXBuildFile; fileRef = DFCC5D081A02E4D00035571E /* AppDelegate.swift */; };
		DFCC5D0B1A02E4D00035571E /* ViewController.swift in Sources */ = {isa = PBXBuildFile; fileRef = DFCC5D0A1A02E4D00035571E /* ViewController.swift */; };
		DFCC5D0E1A02E4D00035571E /* Main.storyboard in Resources */ = {isa = PBXBuildFile; fileRef = DFCC5D0C1A02E4D00035571E /* Main.storyboard */; };
		DFCC5D101A02E4D00035571E /* Images.xcassets in Resources */ = {isa = PBXBuildFile; fileRef = DFCC5D0F1A02E4D00035571E /* Images.xcassets */; };
		DFCC5D131A02E4D00035571E /* LaunchScreen.xib in Resources */ = {isa = PBXBuildFile; fileRef = DFCC5D111A02E4D00035571E /* LaunchScreen.xib */; };
		DFCC5D1F1A02E4D10035571E /* PostCardTests.swift in Sources */ = {isa = PBXBuildFile; fileRef = DFCC5D1E1A02E4D10035571E /* PostCardTests.swift */; };
/* End PBXBuildFile section */

/* Begin PBXContainerItemProxy section */
		DFCC5D191A02E4D10035571E /* PBXContainerItemProxy */ = {
			isa = PBXContainerItemProxy;
			containerPortal = DFCC5CFB1A02E4D00035571E /* Project object */;
			proxyType = 1;
			remoteGlobalIDString = DFCC5D021A02E4D00035571E;
			remoteInfo = PostCard;
		};
/* End PBXContainerItemProxy section */

/* Begin PBXFileReference section */
		DFCC5D031A02E4D00035571E /* PostCard.app */ = {isa = PBXFileReference; explicitFileType = wrapper.application; includeInIndex = 0; path = PostCard.app; sourceTree = BUILT_PRODUCTS_DIR; };
		DFCC5D071A02E4D00035571E /* Info.plist */ = {isa = PBXFileReference; lastKnownFileType = text.plist.xml; path = Info.plist; sourceTree = "<group>"; };
		DFCC5D081A02E4D00035571E /* AppDelegate.swift */ = {isa = PBXFileReference; lastKnownFileType = sourcecode.swift; path = AppDelegate.swift; sourceTree = "<group>"; };
		DFCC5D0A1A02E4D00035571E /* ViewController.swift */ = {isa = PBXFileReference; lastKnownFileType = sourcecode.swift; path = ViewController.swift; sourceTree = "<group>"; };
		DFCC5D0D1A02E4D00035571E /* Base */ = {isa = PBXFileReference; lastKnownFileType = file.storyboard; name = Base; path = Base.lproj/Main.storyboard; sourceTree = "<group>"; };
		DFCC5D0F1A02E4D00035571E /* Images.xcassets */ = {isa = PBXFileReference; lastKnownFileType = folder.assetcatalog; path = Images.xcassets; sourceTree = "<group>"; };
		DFCC5D121A02E4D00035571E /* Base */ = {isa = PBXFileReference; lastKnownFileType = file.xib; name = Base; path = Base.lproj/LaunchScreen.xib; sourceTree = "<group>"; };
		DFCC5D181A02E4D10035571E /* PostCardTests.xctest */ = {isa = PBXFileReference; explicitFileType = wrapper.cfbundle; includeInIndex = 0; path = PostCardTests.xctest; sourceTree = BUILT_PRODUCTS_DIR; };
		DFCC5D1D1A02E4D10035571E /* Info.plist */ = {isa = PBXFileReference; lastKnownFileType = text.plist.xml; path = Info.plist; sourceTree = "<group>"; };
		DFCC5D1E1A02E4D10035571E /* PostCardTests.swift */ = {isa = PBXFileReference; lastKnownFileType = sourcecode.swift; path = PostCardTests.swift; sourceTree = "<group>"; };
/* End PBXFileReference section */

/* Begin PBXFrameworksBuildPhase section */
		DFCC5D001A02E4D00035571E /* Frameworks */ = {
			isa = PBXFrameworksBuildPhase;
			buildActionMask = 2147483647;
			files = (
			);
			runOnlyForDeploymentPostprocessing = 0;
		};
		DFCC5D151A02E4D10035571E /* Frameworks */ = {
			isa = PBXFrameworksBuildPhase;
			buildActionMask = 2147483647;
			files = (
			);
			runOnlyForDeploymentPostprocessing = 0;
		};
/* End PBXFrameworksBuildPhase section */

/* Begin PBXGroup section */
		DFCC5CFA1A02E4D00035571E = {
			isa = PBXGroup;
			children = (
				DFCC5D051A02E4D00035571E /* PostCard */,
				DFCC5D1B1A02E4D10035571E /* PostCardTests */,
				DFCC5D041A02E4D00035571E /* Products */,
			);
			sourceTree = "<group>";
		};
		DFCC5D041A02E4D00035571E /* Products */ = {
			isa = PBXGroup;
			children = (
				DFCC5D031A02E4D00035571E /* PostCard.app */,
				DFCC5D181A02E4D10035571E /* PostCardTests.xctest */,
			);
			name = Products;
			sourceTree = "<group>";
		};
		DFCC5D051A02E4D00035571E /* PostCard */ = {
			isa = PBXGroup;
			children = (
				DFCC5D081A02E4D00035571E /* AppDelegate.swift */,
				DFCC5D0A1A02E4D00035571E /* ViewController.swift */,
				DFCC5D0C1A02E4D00035571E /* Main.storyboard */,
				DFCC5D0F1A02E4D00035571E /* Images.xcassets */,
				DFCC5D111A02E4D00035571E /* LaunchScreen.xib */,
				DFCC5D061A02E4D00035571E /* Supporting Files */,
			);
			path = PostCard;
			sourceTree = "<group>";
		};
		DFCC5D061A02E4D00035571E /* Supporting Files */ = {
			isa = PBXGroup;
			children = (
				DFCC5D071A02E4D00035571E /* Info.plist */,
			);
			name = "Supporting Files";
			sourceTree = "<group>";
		};
		DFCC5D1B1A02E4D10035571E /* PostCardTests */ = {
			isa = PBXGroup;
			children = (
				DFCC5D1E1A02E4D10035571E /* PostCardTests.swift */,
				DFCC5D1C1A02E4D10035571E /* Supporting Files */,
			);
			path = PostCardTests;
			sourceTree = "<group>";
		};
		DFCC5D1C1A02E4D10035571E /* Supporting Files */ = {
			isa = PBXGroup;
			children = (
				DFCC5D1D1A02E4D10035571E /* Info.plist */,
			);
			name = "Supporting Files";
			sourceTree = "<group>";
		};
/* End PBXGroup section */

/* Begin PBXNativeTarget section */
		DFCC5D021A02E4D00035571E /* PostCard */ = {
			isa = PBXNativeTarget;
			buildConfigurationList = DFCC5D221A02E4D10035571E /* Build configuration list for PBXNativeTarget "PostCard" */;
			buildPhases = (
				DFCC5CFF1A02E4D00035571E /* Sources */,
				DFCC5D001A02E4D00035571E /* Frameworks */,
				DFCC5D011A02E4D00035571E /* Resources */,
			);
			buildRules = (
			);
			dependencies = (
			);
			name = PostCard;
			productName = PostCard;
			productReference = DFCC5D031A02E4D00035571E /* PostCard.app */;
			productType = "com.apple.product-type.application";
		};
		DFCC5D171A02E4D10035571E /* PostCardTests */ = {
			isa = PBXNativeTarget;
			buildConfigurationList = DFCC5D251A02E4D10035571E /* Build configuration list for PBXNativeTarget "PostCardTests" */;
			buildPhases = (
				DFCC5D141A02E4D10035571E /* Sources */,
				DFCC5D151A02E4D10035571E /* Frameworks */,
				DFCC5D161A02E4D10035571E /* Resources */,
			);
			buildRules = (
			);
			dependencies = (
				DFCC5D1A1A02E4D10035571E /* PBXTargetDependency */,
			);
			name = PostCardTests;
			productName = PostCardTests;
			productReference = DFCC5D181A02E4D10035571E /* PostCardTests.xctest */;
			productType = "com.apple.product-type.bundle.unit-test";
		};
/* End PBXNativeTarget section */

/* Begin PBXProject section */
		DFCC5CFB1A02E4D00035571E /* Project object */ = {
			isa = PBXProject;
			attributes = {
				LastUpgradeCheck = 0610;
				ORGANIZATIONNAME = "|Y|onCode";
				TargetAttributes = {
					DFCC5D021A02E4D00035571E = {
						CreatedOnToolsVersion = 6.1;
					};
					DFCC5D171A02E4D10035571E = {
						CreatedOnToolsVersion = 6.1;
						TestTargetID = DFCC5D021A02E4D00035571E;
					};
				};
			};
			buildConfigurationList = DFCC5CFE1A02E4D00035571E /* Build configuration list for PBXProject "PostCard" */;
			compatibilityVersion = "Xcode 3.2";
			developmentRegion = English;
			hasScannedForEncodings = 0;
			knownRegions = (
				en,
				Base,
			);
			mainGroup = DFCC5CFA1A02E4D00035571E;
			productRefGroup = DFCC5D041A02E4D00035571E /* Products */;
			projectDirPath = "";
			projectRoot = "";
			targets = (
				DFCC5D021A02E4D00035571E /* PostCard */,
				DFCC5D171A02E4D10035571E /* PostCardTests */,
			);
		};
/* End PBXProject section */

/* Begin PBXResourcesBuildPhase section */
		DFCC5D011A02E4D00035571E /* Resources */ = {
			isa = PBXResourcesBuildPhase;
			buildActionMask = 2147483647;
			files = (
				DFCC5D0E1A02E4D00035571E /* Main.storyboard in Resources */,
				DFCC5D131A02E4D00035571E /* LaunchScreen.xib in Resources */,
				DFCC5D101A02E4D00035571E /* Images.xcassets in Resources */,
			);
			runOnlyForDeploymentPostprocessing = 0;
		};
		DFCC5D161A02E4D10035571E /* Resources */ = {
			isa = PBXResourcesBuildPhase;
			buildActionMask = 2147483647;
			files = (
			);
			runOnlyForDeploymentPostprocessing = 0;
		};
/* End PBXResourcesBuildPhase section */

/* Begin PBXSourcesBuildPhase section */
		DFCC5CFF1A02E4D00035571E /* Sources */ = {
			isa = PBXSourcesBuildPhase;
			buildActionMask = 2147483647;
			files = (
				DFCC5D0B1A02E4D00035571E /* ViewController.swift in Sources */,
				DFCC5D091A02E4D00035571E /* AppDelegate.swift in Sources */,
			);
			runOnlyForDeploymentPostprocessing = 0;
		};
		DFCC5D141A02E4D10035571E /* Sources */ = {
			isa = PBXSourcesBuildPhase;
			buildActionMask = 2147483647;
			files = (
				DFCC5D1F1A02E4D10035571E /* PostCardTests.swift in Sources */,
			);
			runOnlyForDeploymentPostprocessing = 0;
		};
/* End PBXSourcesBuildPhase section */

/* Begin PBXTargetDependency section */
		DFCC5D1A1A02E4D10035571E /* PBXTargetDependency */ = {
			isa = PBXTargetDependency;
			target = DFCC5D021A02E4D00035571E /* PostCard */;
			targetProxy = DFCC5D191A02E4D10035571E /* PBXContainerItemProxy */;
		};
/* End PBXTargetDependency section */

/* Begin PBXVariantGroup section */
		DFCC5D0C1A02E4D00035571E /* Main.storyboard */ = {
			isa = PBXVariantGroup;
			children = (
				DFCC5D0D1A02E4D00035571E /* Base */,
			);
			name = Main.storyboard;
			sourceTree = "<group>";
		};
		DFCC5D111A02E4D00035571E /* LaunchScreen.xib */ = {
			isa = PBXVariantGroup;
			children = (
				DFCC5D121A02E4D00035571E /* Base */,
			);
			name = LaunchScreen.xib;
			sourceTree = "<group>";
		};
/* End PBXVariantGroup section */

/* Begin XCBuildConfiguration section */
		DFCC5D201A02E4D10035571E /* Debug */ = {
			isa = XCBuildConfiguration;
			buildSettings = {
				ALWAYS_SEARCH_USER_PATHS = NO;
				CLANG_CXX_LANGUAGE_STANDARD = "gnu++0x";
				CLANG_CXX_LIBRARY = "libc++";
				CLANG_ENABLE_MODULES = YES;
				CLANG_ENABLE_OBJC_ARC = YES;
				CLANG_WARN_BOOL_CONVERSION = YES;
				CLANG_WARN_CONSTANT_CONVERSION = YES;
				CLANG_WARN_DIRECT_OBJC_ISA_USAGE = YES_ERROR;
				CLANG_WARN_EMPTY_BODY = YES;
				CLANG_WARN_ENUM_CONVERSION = YES;
				CLANG_WARN_INT_CONVERSION = YES;
				CLANG_WARN_OBJC_ROOT_CLASS = YES_ERROR;
				CLANG_WARN_UNREACHABLE_CODE = YES;
				CLANG_WARN__DUPLICATE_METHOD_MATCH = YES;
				"CODE_SIGN_IDENTITY[sdk=iphoneos*]" = "iPhone Developer";
				COPY_PHASE_STRIP = NO;
				ENABLE_STRICT_OBJC_MSGSEND = YES;
				GCC_C_LANGUAGE_STANDARD = gnu99;
				GCC_DYNAMIC_NO_PIC = NO;
				GCC_OPTIMIZATION_LEVEL = 0;
				GCC_PREPROCESSOR_DEFINITIONS = (
					"DEBUG=1",
					"$(inherited)",
				);
				GCC_SYMBOLS_PRIVATE_EXTERN = NO;
				GCC_WARN_64_TO_32_BIT_CONVERSION = YES;
				GCC_WARN_ABOUT_RETURN_TYPE = YES_ERROR;
				GCC_WARN_UNDECLARED_SELECTOR = YES;
				GCC_WARN_UNINITIALIZED_AUTOS = YES_AGGRESSIVE;
				GCC_WARN_UNUSED_FUNCTION = YES;
				GCC_WARN_UNUSED_VARIABLE = YES;
				IPHONEOS_DEPLOYMENT_TARGET = 8.1;
				MTL_ENABLE_DEBUG_INFO = YES;
				ONLY_ACTIVE_ARCH = YES;
				SDKROOT = iphoneos;
				SWIFT_OPTIMIZATION_LEVEL = "-Onone";
				TARGETED_DEVICE_FAMILY = "1,2";
			};
			name = Debug;
		};
		DFCC5D211A02E4D10035571E /* Release */ = {
			isa = XCBuildConfiguration;
			buildSettings = {
				ALWAYS_SEARCH_USER_PATHS = NO;
				CLANG_CXX_LANGUAGE_STANDARD = "gnu++0x";
				CLANG_CXX_LIBRARY = "libc++";
				CLANG_ENABLE_MODULES = YES;
				CLANG_ENABLE_OBJC_ARC = YES;
				CLANG_WARN_BOOL_CONVERSION = YES;
				CLANG_WARN_CONSTANT_CONVERSION = YES;
				CLANG_WARN_DIRECT_OBJC_ISA_USAGE = YES_ERROR;
				CLANG_WARN_EMPTY_BODY = YES;
				CLANG_WARN_ENUM_CONVERSION = YES;
				CLANG_WARN_INT_CONVERSION = YES;
				CLANG_WARN_OBJC_ROOT_CLASS = YES_ERROR;
				CLANG_WARN_UNREACHABLE_CODE = YES;
				CLANG_WARN__DUPLICATE_METHOD_MATCH = YES;
				"CODE_SIGN_IDENTITY[sdk=iphoneos*]" = "iPhone Developer";
				COPY_PHASE_STRIP = YES;
				ENABLE_NS_ASSERTIONS = NO;
				ENABLE_STRICT_OBJC_MSGSEND = YES;
				GCC_C_LANGUAGE_STANDARD = gnu99;
				GCC_WARN_64_TO_32_BIT_CONVERSION = YES;
				GCC_WARN_ABOUT_RETURN_TYPE = YES_ERROR;
				GCC_WARN_UNDECLARED_SELECTOR = YES;
				GCC_WARN_UNINITIALIZED_AUTOS = YES_AGGRESSIVE;
				GCC_WARN_UNUSED_FUNCTION = YES;
				GCC_WARN_UNUSED_VARIABLE = YES;
				IPHONEOS_DEPLOYMENT_TARGET = 8.1;
				MTL_ENABLE_DEBUG_INFO = NO;
				SDKROOT = iphoneos;
				TARGETED_DEVICE_FAMILY = "1,2";
				VALIDATE_PRODUCT = YES;
			};
			name = Release;
		};
		DFCC5D231A02E4D10035571E /* Debug */ = {
			isa = XCBuildConfiguration;
			buildSettings = {
				ASSETCATALOG_COMPILER_APPICON_NAME = AppIcon;
				INFOPLIST_FILE = PostCard/Info.plist;
				LD_RUNPATH_SEARCH_PATHS = "$(inherited) @executable_path/Frameworks";
				PRODUCT_NAME = "$(TARGET_NAME)";
			};
			name = Debug;
		};
		DFCC5D241A02E4D10035571E /* Release */ = {
			isa = XCBuildConfiguration;
			buildSettings = {
				ASSETCATALOG_COMPILER_APPICON_NAME = AppIcon;
				INFOPLIST_FILE = PostCard/Info.plist;
				LD_RUNPATH_SEARCH_PATHS = "$(inherited) @executable_path/Frameworks";
				PRODUCT_NAME = "$(TARGET_NAME)";
			};
			name = Release;
		};
		DFCC5D261A02E4D10035571E /* Debug */ = {
			isa = XCBuildConfiguration;
			buildSettings = {
				BUNDLE_LOADER = "$(TEST_HOST)";
				FRAMEWORK_SEARCH_PATHS = (
					"$(SDKROOT)/Developer/Library/Frameworks",
					"$(inherited)",
				);
				GCC_PREPROCESSOR_DEFINITIONS = (
					"DEBUG=1",
					"$(inherited)",
				);
				INFOPLIST_FILE = PostCardTests/Info.plist;
				LD_RUNPATH_SEARCH_PATHS = "$(inherited) @executable_path/Frameworks @loader_path/Frameworks";
				PRODUCT_NAME = "$(TARGET_NAME)";
				TEST_HOST = "$(BUILT_PRODUCTS_DIR)/PostCard.app/PostCard";
			};
			name = Debug;
		};
		DFCC5D271A02E4D10035571E /* Release */ = {
			isa = XCBuildConfiguration;
			buildSettings = {
				BUNDLE_LOADER = "$(TEST_HOST)";
				FRAMEWORK_SEARCH_PATHS = (
					"$(SDKROOT)/Developer/Library/Frameworks",
					"$(inherited)",
				);
				INFOPLIST_FILE = PostCardTests/Info.plist;
				LD_RUNPATH_SEARCH_PATHS = "$(inherited) @executable_path/Frameworks @loader_path/Frameworks";
				PRODUCT_NAME = "$(TARGET_NAME)";
				TEST_HOST = "$(BUILT_PRODUCTS_DIR)/PostCard.app/PostCard";
			};
			name = Release;
		};
/* End XCBuildConfiguration section */

/* Begin XCConfigurationList section */
		DFCC5CFE1A02E4D00035571E /* Build configuration list for PBXProject "PostCard" */ = {
			isa = XCConfigurationList;
			buildConfigurations = (
				DFCC5D201A02E4D10035571E /* Debug */,
				DFCC5D211A02E4D10035571E /* Release */,
			);
			defaultConfigurationIsVisible = 0;
			defaultConfigurationName = Release;
		};
		DFCC5D221A02E4D10035571E /* Build configuration list for PBXNativeTarget "PostCard" */ = {
			isa = XCConfigurationList;
			buildConfigurations = (
				DFCC5D231A02E4D10035571E /* Debug */,
				DFCC5D241A02E4D10035571E /* Release */,
			);
			defaultConfigurationIsVisible = 0;
		};
		DFCC5D251A02E4D10035571E /* Build configuration list for PBXNativeTarget "PostCardTests" */ = {
			isa = XCConfigurationList;
			buildConfigurations = (
				DFCC5D261A02E4D10035571E /* Debug */,
				DFCC5D271A02E4D10035571E /* Release */,
			);
			defaultConfigurationIsVisible = 0;
		};
/* End XCConfigurationList section */
	};
	rootObject = DFCC5CFB1A02E4D00035571E /* Project object */;
}
